
Microsoft Visual Studio Solution File, Format Version 12.00
# Visual Studio Version 17
VisualStudioVersion = 17.0.31903.59
MinimumVisualStudioVersion = 10.0.40219.1
Project("{2150E333-8FDC-42A3-9474-1A3956D46DE8}") = "src", "src", "{319D0C88-7271-4C0A-B332-2EAE829B486B}"
EndProject
Project("{FAE04EC0-301F-11D3-BF4B-00C04F79EFBC}") = "ConsoleApp", "src\ConsoleApp\ConsoleApp.csproj", "{1C0C7864-2306-4A7A-A642-E16B63053DCE}"
EndProject
Project("{FAE04EC0-301F-11D3-BF4B-00C04F79EFBC}") = "App", "src\App\App.csproj", "{4C505304-0B55-4FE4-AB0E-9766BBC6CEDD}"
EndProject
Project("{2150E333-8FDC-42A3-9474-1A3956D46DE8}") = "lib", "lib", "{01720685-7186-4EE9-A795-97790F902FAE}"
EndProject
Project("{FAE04EC0-301F-11D3-BF4B-00C04F79EFBC}") = "Common", "lib\Common\Common.csproj", "{F8D51E35-3BCF-4889-A6F9-C293DC21BCA0}"
EndProject
Project("{FAE04EC0-301F-11D3-BF4B-00C04F79EFBC}") = "Lab1", "lib\Lab1\Lab1.csproj", "{A0215570-8AA5-4F0B-95C5-3B7386C7A835}"
EndProject
Project("{FAE04EC0-301F-11D3-BF4B-00C04F79EFBC}") = "Lab2", "lib\Lab2\Lab2.csproj", "{C4C27763-2083-44F7-AD0A-1C8425F240C1}"
EndProject
Project("{FAE04EC0-301F-11D3-BF4B-00C04F79EFBC}") = "Lab3", "lib\Lab3\Lab3.csproj", "{815442F3-70B7-41DB-9544-5A057CE8695B}"
EndProject
Global
	GlobalSection(SolutionConfigurationPlatforms) = preSolution
		Debug|Any CPU = Debug|Any CPU
		Release|Any CPU = Release|Any CPU
	EndGlobalSection
	GlobalSection(SolutionProperties) = preSolution
		HideSolutionNode = FALSE
	EndGlobalSection
	GlobalSection(ProjectConfigurationPlatforms) = postSolution
		{1C0C7864-2306-4A7A-A642-E16B63053DCE}.Debug|Any CPU.ActiveCfg = Debug|Any CPU
		{1C0C7864-2306-4A7A-A642-E16B63053DCE}.Debug|Any CPU.Build.0 = Debug|Any CPU
		{1C0C7864-2306-4A7A-A642-E16B63053DCE}.Release|Any CPU.ActiveCfg = Release|Any CPU
		{1C0C7864-2306-4A7A-A642-E16B63053DCE}.Release|Any CPU.Build.0 = Release|Any CPU
		{4C505304-0B55-4FE4-AB0E-9766BBC6CEDD}.Debug|Any CPU.ActiveCfg = Debug|Any CPU
		{4C505304-0B55-4FE4-AB0E-9766BBC6CEDD}.Debug|Any CPU.Build.0 = Debug|Any CPU
		{4C505304-0B55-4FE4-AB0E-9766BBC6CEDD}.Release|Any CPU.ActiveCfg = Release|Any CPU
		{4C505304-0B55-4FE4-AB0E-9766BBC6CEDD}.Release|Any CPU.Build.0 = Release|Any CPU
		{F8D51E35-3BCF-4889-A6F9-C293DC21BCA0}.Debug|Any CPU.ActiveCfg = Debug|Any CPU
		{F8D51E35-3BCF-4889-A6F9-C293DC21BCA0}.Debug|Any CPU.Build.0 = Debug|Any CPU
		{F8D51E35-3BCF-4889-A6F9-C293DC21BCA0}.Release|Any CPU.ActiveCfg = Release|Any CPU
		{F8D51E35-3BCF-4889-A6F9-C293DC21BCA0}.Release|Any CPU.Build.0 = Release|Any CPU
		{A0215570-8AA5-4F0B-95C5-3B7386C7A835}.Debug|Any CPU.ActiveCfg = Debug|Any CPU
		{A0215570-8AA5-4F0B-95C5-3B7386C7A835}.Debug|Any CPU.Build.0 = Debug|Any CPU
		{A0215570-8AA5-4F0B-95C5-3B7386C7A835}.Release|Any CPU.ActiveCfg = Release|Any CPU
		{A0215570-8AA5-4F0B-95C5-3B7386C7A835}.Release|Any CPU.Build.0 = Release|Any CPU
		{C4C27763-2083-44F7-AD0A-1C8425F240C1}.Debug|Any CPU.ActiveCfg = Debug|Any CPU
		{C4C27763-2083-44F7-AD0A-1C8425F240C1}.Debug|Any CPU.Build.0 = Debug|Any CPU
		{C4C27763-2083-44F7-AD0A-1C8425F240C1}.Release|Any CPU.ActiveCfg = Release|Any CPU
		{C4C27763-2083-44F7-AD0A-1C8425F240C1}.Release|Any CPU.Build.0 = Release|Any CPU
		{815442F3-70B7-41DB-9544-5A057CE8695B}.Debug|Any CPU.ActiveCfg = Debug|Any CPU
		{815442F3-70B7-41DB-9544-5A057CE8695B}.Debug|Any CPU.Build.0 = Debug|Any CPU
		{815442F3-70B7-41DB-9544-5A057CE8695B}.Release|Any CPU.ActiveCfg = Release|Any CPU
		{815442F3-70B7-41DB-9544-5A057CE8695B}.Release|Any CPU.Build.0 = Release|Any CPU
	EndGlobalSection
	GlobalSection(NestedProjects) = preSolution
		{1C0C7864-2306-4A7A-A642-E16B63053DCE} = {319D0C88-7271-4C0A-B332-2EAE829B486B}
		{4C505304-0B55-4FE4-AB0E-9766BBC6CEDD} = {319D0C88-7271-4C0A-B332-2EAE829B486B}
		{F8D51E35-3BCF-4889-A6F9-C293DC21BCA0} = {01720685-7186-4EE9-A795-97790F902FAE}
		{A0215570-8AA5-4F0B-95C5-3B7386C7A835} = {01720685-7186-4EE9-A795-97790F902FAE}
		{C4C27763-2083-44F7-AD0A-1C8425F240C1} = {01720685-7186-4EE9-A795-97790F902FAE}
		{815442F3-70B7-41DB-9544-5A057CE8695B} = {01720685-7186-4EE9-A795-97790F902FAE}
	EndGlobalSection
EndGlobal
