
Microsoft Visual Studio Solution File, Format Version 12.00
Project("{FAE04EC0-301F-11D3-BF4B-00C04F79EFBC}") = "labs", "labs\labs.csproj", "{14727E0D-4349-41A4-A9C0-C7455E6801EF}"
EndProject
Project("{FAE04EC0-301F-11D3-BF4B-00C04F79EFBC}") = "lab4", "lab4\lab4.csproj", "{AE2DF13C-C116-43FA-B740-16591447BFF2}"
EndProject
Global
	GlobalSection(SolutionConfigurationPlatforms) = preSolution
		Debug|Any CPU = Debug|Any CPU
		Release|Any CPU = Release|Any CPU
	EndGlobalSection
	GlobalSection(ProjectConfigurationPlatforms) = postSolution
		{14727E0D-4349-41A4-A9C0-C7455E6801EF}.Debug|Any CPU.ActiveCfg = Debug|Any CPU
		{14727E0D-4349-41A4-A9C0-C7455E6801EF}.Debug|Any CPU.Build.0 = Debug|Any CPU
		{14727E0D-4349-41A4-A9C0-C7455E6801EF}.Release|Any CPU.ActiveCfg = Release|Any CPU
		{14727E0D-4349-41A4-A9C0-C7455E6801EF}.Release|Any CPU.Build.0 = Release|Any CPU
		{AE2DF13C-C116-43FA-B740-16591447BFF2}.Debug|Any CPU.ActiveCfg = Debug|Any CPU
		{AE2DF13C-C116-43FA-B740-16591447BFF2}.Debug|Any CPU.Build.0 = Debug|Any CPU
		{AE2DF13C-C116-43FA-B740-16591447BFF2}.Release|Any CPU.ActiveCfg = Release|Any CPU
		{AE2DF13C-C116-43FA-B740-16591447BFF2}.Release|Any CPU.Build.0 = Release|Any CPU
		{AE2DF13C-C116-43FA-B740-16591447BFF2}.Debug|Any CPU.Deploy.0 = Debug|Any CPU
	EndGlobalSection
EndGlobal
